# This file is automatically @generated by Cargo.
# It is not intended for manual editing.
version = 4

[[package]]
name = "libc"
version = "0.2.184"
source = "registry+https://github.com/rust-lang/crates.io-index"
checksum = "48f5d2a454e16a5ea0f4ced81bd44e4cfc7bd3a507b61887c99fd3538b28e4af"

[[package]]
name = "my_redb_demo"
version = "0.1.0"
dependencies = [
 "redb",
]

[[package]]
name = "redb"
version = "4.0.0"
source = "registry+https://github.com/rust-lang/crates.io-index"
checksum = "67f7f231ea7b1172b7ac00ccf96b1250f0fb5a16d5585836aa4ebc997df7cbde"
dependencies = [
 "libc",
]
